
Microsoft Visual Studio Solution File, Format Version 12.00
# Visual Studio Version 17
VisualStudioVersion = 17.0.31815.197
MinimumVisualStudioVersion = 10.0.40219.1
Project("{9A19103F-16F7-4668-BE54-9A1E7A4F7556}") = "PerRead.Backend", "PerRead.Backend.csproj", "{9CEAA363-6B30-4488-B0A5-6A02E68BDCDB}"
EndProject
Project("{FAE04EC0-301F-11D3-BF4B-00C04F79EFBC}") = "Project1", "..\Project1\Project1.csproj", "{11F76F32-CF98-464B-92C7-A6BA5892996E}"
EndProject
Global
	GlobalSection(SolutionConfigurationPlatforms) = preSolution
		Debug|Any CPU = Debug|Any CPU
		Release|Any CPU = Release|Any CPU
	EndGlobalSection
	GlobalSection(ProjectConfigurationPlatforms) = postSolution
		{9CEAA363-6B30-4488-B0A5-6A02E68BDCDB}.Debug|Any CPU.ActiveCfg = Debug|Any CPU
		{9CEAA363-6B30-4488-B0A5-6A02E68BDCDB}.Debug|Any CPU.Build.0 = Debug|Any CPU
		{9CEAA363-6B30-4488-B0A5-6A02E68BDCDB}.Release|Any CPU.ActiveCfg = Release|Any CPU
		{9CEAA363-6B30-4488-B0A5-6A02E68BDCDB}.Release|Any CPU.Build.0 = Release|Any CPU
		{11F76F32-CF98-464B-92C7-A6BA5892996E}.Debug|Any CPU.ActiveCfg = Debug|Any CPU
		{11F76F32-CF98-464B-92C7-A6BA5892996E}.Debug|Any CPU.Build.0 = Debug|Any CPU
		{11F76F32-CF98-464B-92C7-A6BA5892996E}.Release|Any CPU.ActiveCfg = Release|Any CPU
		{11F76F32-CF98-464B-92C7-A6BA5892996E}.Release|Any CPU.Build.0 = Release|Any CPU
	EndGlobalSection
	GlobalSection(SolutionProperties) = preSolution
		HideSolutionNode = FALSE
	EndGlobalSection
	GlobalSection(ExtensibilityGlobals) = postSolution
		SolutionGuid = {67658FD5-2CAD-4529-AB37-CBDA2A3AFFA9}
	EndGlobalSection
EndGlobal
